
Microsoft Visual Studio Solution File, Format Version 12.00
Project("{FAE04EC0-301F-11D3-BF4B-00C04F79EFBC}") = "MovieMaster.WebApi", "MovieMaster.WebApi\MovieMaster.WebApi.csproj", "{AF0406CD-2A0B-4FE4-9DEA-DD3420722D88}"
EndProject
Project("{FAE04EC0-301F-11D3-BF4B-00C04F79EFBC}") = "MovieMaster.WebClient", "MovieMaster.WebClient\MovieMaster.WebClient.csproj", "{A8960098-F2B9-4288-AB36-775FBC250227}"
EndProject
Project("{FAE04EC0-301F-11D3-BF4B-00C04F79EFBC}") = "MovieMaster.Shared", "MovieMaster.Shared\MovieMaster.Shared.csproj", "{7C329201-0629-4965-9467-3A50006C58D7}"
EndProject
Project("{FAE04EC0-301F-11D3-BF4B-00C04F79EFBC}") = "MovieMaster.Database", "MovieMaster.Database\MovieMaster.Database.csproj", "{F92FE528-16C1-4740-85A4-A58DEF3B5F47}"
EndProject
Global
	GlobalSection(SolutionConfigurationPlatforms) = preSolution
		Debug|Any CPU = Debug|Any CPU
		Release|Any CPU = Release|Any CPU
	EndGlobalSection
	GlobalSection(ProjectConfigurationPlatforms) = postSolution
		{AF0406CD-2A0B-4FE4-9DEA-DD3420722D88}.Debug|Any CPU.ActiveCfg = Debug|Any CPU
		{AF0406CD-2A0B-4FE4-9DEA-DD3420722D88}.Debug|Any CPU.Build.0 = Debug|Any CPU
		{AF0406CD-2A0B-4FE4-9DEA-DD3420722D88}.Release|Any CPU.ActiveCfg = Release|Any CPU
		{AF0406CD-2A0B-4FE4-9DEA-DD3420722D88}.Release|Any CPU.Build.0 = Release|Any CPU
		{A8960098-F2B9-4288-AB36-775FBC250227}.Debug|Any CPU.ActiveCfg = Debug|Any CPU
		{A8960098-F2B9-4288-AB36-775FBC250227}.Debug|Any CPU.Build.0 = Debug|Any CPU
		{A8960098-F2B9-4288-AB36-775FBC250227}.Release|Any CPU.ActiveCfg = Release|Any CPU
		{A8960098-F2B9-4288-AB36-775FBC250227}.Release|Any CPU.Build.0 = Release|Any CPU
		{7C329201-0629-4965-9467-3A50006C58D7}.Debug|Any CPU.ActiveCfg = Debug|Any CPU
		{7C329201-0629-4965-9467-3A50006C58D7}.Debug|Any CPU.Build.0 = Debug|Any CPU
		{7C329201-0629-4965-9467-3A50006C58D7}.Release|Any CPU.ActiveCfg = Release|Any CPU
		{7C329201-0629-4965-9467-3A50006C58D7}.Release|Any CPU.Build.0 = Release|Any CPU
		{F92FE528-16C1-4740-85A4-A58DEF3B5F47}.Debug|Any CPU.ActiveCfg = Debug|Any CPU
		{F92FE528-16C1-4740-85A4-A58DEF3B5F47}.Debug|Any CPU.Build.0 = Debug|Any CPU
		{F92FE528-16C1-4740-85A4-A58DEF3B5F47}.Release|Any CPU.ActiveCfg = Release|Any CPU
		{F92FE528-16C1-4740-85A4-A58DEF3B5F47}.Release|Any CPU.Build.0 = Release|Any CPU
	EndGlobalSection
EndGlobal
